
Microsoft Visual Studio Solution File, Format Version 12.00
# Visual Studio Version 17
VisualStudioVersion = 17.4.33213.308
MinimumVisualStudioVersion = 10.0.40219.1
Project("{E24C65DC-7377-472B-9ABA-BC803B73C61A}") = "shop", "shop\", "{4B13E3C1-E8A8-4248-A69B-99481430AF3B}"
	ProjectSection(WebsiteProperties) = preProject
		TargetFrameworkMoniker = ".NETFramework,Version%3Dv4.8"
		Debug.AspNetCompiler.VirtualPath = "/localhost_49954"
		Debug.AspNetCompiler.PhysicalPath = "shop\"
		Debug.AspNetCompiler.TargetPath = "PrecompiledWeb\localhost_49954\"
		Debug.AspNetCompiler.Updateable = "true"
		Debug.AspNetCompiler.ForceOverwrite = "true"
		Debug.AspNetCompiler.FixedNames = "false"
		Debug.AspNetCompiler.Debug = "True"
		Release.AspNetCompiler.VirtualPath = "/localhost_49954"
		Release.AspNetCompiler.PhysicalPath = "shop\"
		Release.AspNetCompiler.TargetPath = "PrecompiledWeb\localhost_49954\"
		Release.AspNetCompiler.Updateable = "true"
		Release.AspNetCompiler.ForceOverwrite = "true"
		Release.AspNetCompiler.FixedNames = "false"
		Release.AspNetCompiler.Debug = "False"
		VWDPort = "49954"
		SlnRelativePath = "shop\"
		DefaultWebSiteLanguage = "Visual C#"
	EndProjectSection
EndProject
Global
	GlobalSection(SolutionConfigurationPlatforms) = preSolution
		Debug|Any CPU = Debug|Any CPU
	EndGlobalSection
	GlobalSection(ProjectConfigurationPlatforms) = postSolution
		{4B13E3C1-E8A8-4248-A69B-99481430AF3B}.Debug|Any CPU.ActiveCfg = Debug|Any CPU
		{4B13E3C1-E8A8-4248-A69B-99481430AF3B}.Debug|Any CPU.Build.0 = Debug|Any CPU
	EndGlobalSection
	GlobalSection(SolutionProperties) = preSolution
		HideSolutionNode = FALSE
	EndGlobalSection
	GlobalSection(ExtensibilityGlobals) = postSolution
		SolutionGuid = {496DB307-89DF-4F5F-8AEF-69764BD1DFEF}
	EndGlobalSection
EndGlobal
